// !$*UTF8*$!
{
	archiveVersion = 1;
	classes = {
	};
	objectVersion = 55;
	objects = {

/* Begin PBXBuildFile section */
		A419BA872887FEB30073E723 /* ActionPlan+CoreDataClass.swift in Sources */ = {isa = PBXBuildFile; fileRef = A419BA812887FEB30073E723 /* ActionPlan+CoreDataClass.swift */; };
		A419BA882887FEB30073E723 /* ActionPlan+CoreDataProperties.swift in Sources */ = {isa = PBXBuildFile; fileRef = A419BA822887FEB30073E723 /* ActionPlan+CoreDataProperties.swift */; };
		A419BA892887FEB30073E723 /* Requirement+CoreDataClass.swift in Sources */ = {isa = PBXBuildFile; fileRef = A419BA832887FEB30073E723 /* Requirement+CoreDataClass.swift */; };
		A419BA8A2887FEB30073E723 /* Requirement+CoreDataProperties.swift in Sources */ = {isa = PBXBuildFile; fileRef = A419BA842887FEB30073E723 /* Requirement+CoreDataProperties.swift */; };
		A419BA8B2887FEB30073E723 /* Goal+CoreDataClass.swift in Sources */ = {isa = PBXBuildFile; fileRef = A419BA852887FEB30073E723 /* Goal+CoreDataClass.swift */; };
		A419BA8C2887FEB30073E723 /* Goal+CoreDataProperties.swift in Sources */ = {isa = PBXBuildFile; fileRef = A419BA862887FEB30073E723 /* Goal+CoreDataProperties.swift */; };
		A419BA97288804B00073E723 /* ColorPallete.swift in Sources */ = {isa = PBXBuildFile; fileRef = A419BA96288804B00073E723 /* ColorPallete.swift */; };
		A419BA992888077A0073E723 /* CoreDataManager.swift in Sources */ = {isa = PBXBuildFile; fileRef = A419BA982888077A0073E723 /* CoreDataManager.swift */; };
		A419BA9E28881C9E0073E723 /* GoalSetting.storyboard in Resources */ = {isa = PBXBuildFile; fileRef = A419BA9D28881C9E0073E723 /* GoalSetting.storyboard */; };
		A49DE2DE288841D80074CAF3 /* TextViewExtension.swift in Sources */ = {isa = PBXBuildFile; fileRef = A49DE2DD288841D80074CAF3 /* TextViewExtension.swift */; };
		A49DE2E0288862750074CAF3 /* TabBar.storyboard in Resources */ = {isa = PBXBuildFile; fileRef = A49DE2DF288862750074CAF3 /* TabBar.storyboard */; };
		A49DE2E2288863750074CAF3 /* TabBarVC.swift in Sources */ = {isa = PBXBuildFile; fileRef = A49DE2E1288863750074CAF3 /* TabBarVC.swift */; };
		A4AAB6BD288866230010782C /* PlanVC.swift in Sources */ = {isa = PBXBuildFile; fileRef = A4AAB6BC288866230010782C /* PlanVC.swift */; };
		A4AAB6BF2888662D0010782C /* MyGoalVC.swift in Sources */ = {isa = PBXBuildFile; fileRef = A4AAB6BE2888662D0010782C /* MyGoalVC.swift */; };
		A4AAB6C3288866470010782C /* Plan.storyboard in Resources */ = {isa = PBXBuildFile; fileRef = A4AAB6C2288866470010782C /* Plan.storyboard */; };
		A4AAB6C5288866510010782C /* MyGoal.storyboard in Resources */ = {isa = PBXBuildFile; fileRef = A4AAB6C4288866510010782C /* MyGoal.storyboard */; };
		A4F768F528879BDC00D7253D /* AppDelegate.swift in Sources */ = {isa = PBXBuildFile; fileRef = A4F768F428879BDC00D7253D /* AppDelegate.swift */; };
		A4F768F728879BDC00D7253D /* SceneDelegate.swift in Sources */ = {isa = PBXBuildFile; fileRef = A4F768F628879BDC00D7253D /* SceneDelegate.swift */; };
		A4F768FF28879BDC00D7253D /* Fargo.xcdatamodeld in Sources */ = {isa = PBXBuildFile; fileRef = A4F768FD28879BDC00D7253D /* Fargo.xcdatamodeld */; };
		A4F7690128879BDF00D7253D /* Assets.xcassets in Resources */ = {isa = PBXBuildFile; fileRef = A4F7690028879BDF00D7253D /* Assets.xcassets */; };
		A4F7690428879BDF00D7253D /* LaunchScreen.storyboard in Resources */ = {isa = PBXBuildFile; fileRef = A4F7690228879BDF00D7253D /* LaunchScreen.storyboard */; };
		A4F7691028879ED900D7253D /* GoalSettingVC.swift in Sources */ = {isa = PBXBuildFile; fileRef = A4F7690F28879ED900D7253D /* GoalSettingVC.swift */; };
/* End PBXBuildFile section */

/* Begin PBXFileReference section */
		A419BA812887FEB30073E723 /* ActionPlan+CoreDataClass.swift */ = {isa = PBXFileReference; lastKnownFileType = sourcecode.swift; path = "ActionPlan+CoreDataClass.swift"; sourceTree = "<group>"; };
		A419BA822887FEB30073E723 /* ActionPlan+CoreDataProperties.swift */ = {isa = PBXFileReference; lastKnownFileType = sourcecode.swift; path = "ActionPlan+CoreDataProperties.swift"; sourceTree = "<group>"; };
		A419BA832887FEB30073E723 /* Requirement+CoreDataClass.swift */ = {isa = PBXFileReference; lastKnownFileType = sourcecode.swift; path = "Requirement+CoreDataClass.swift"; sourceTree = "<group>"; };
		A419BA842887FEB30073E723 /* Requirement+CoreDataProperties.swift */ = {isa = PBXFileReference; lastKnownFileType = sourcecode.swift; path = "Requirement+CoreDataProperties.swift"; sourceTree = "<group>"; };
		A419BA852887FEB30073E723 /* Goal+CoreDataClass.swift */ = {isa = PBXFileReference; lastKnownFileType = sourcecode.swift; path = "Goal+CoreDataClass.swift"; sourceTree = "<group>"; };
		A419BA862887FEB30073E723 /* Goal+CoreDataProperties.swift */ = {isa = PBXFileReference; lastKnownFileType = sourcecode.swift; path = "Goal+CoreDataProperties.swift"; sourceTree = "<group>"; };
		A419BA96288804B00073E723 /* ColorPallete.swift */ = {isa = PBXFileReference; lastKnownFileType = sourcecode.swift; path = ColorPallete.swift; sourceTree = "<group>"; };
		A419BA982888077A0073E723 /* CoreDataManager.swift */ = {isa = PBXFileReference; lastKnownFileType = sourcecode.swift; path = CoreDataManager.swift; sourceTree = "<group>"; };
		A419BA9D28881C9E0073E723 /* GoalSetting.storyboard */ = {isa = PBXFileReference; lastKnownFileType = file.storyboard; path = GoalSetting.storyboard; sourceTree = "<group>"; };
		A49DE2DD288841D80074CAF3 /* TextViewExtension.swift */ = {isa = PBXFileReference; lastKnownFileType = sourcecode.swift; path = TextViewExtension.swift; sourceTree = "<group>"; };
		A49DE2DF288862750074CAF3 /* TabBar.storyboard */ = {isa = PBXFileReference; lastKnownFileType = file.storyboard; path = TabBar.storyboard; sourceTree = "<group>"; };
		A49DE2E1288863750074CAF3 /* TabBarVC.swift */ = {isa = PBXFileReference; lastKnownFileType = sourcecode.swift; path = TabBarVC.swift; sourceTree = "<group>"; };
		A4AAB6BC288866230010782C /* PlanVC.swift */ = {isa = PBXFileReference; lastKnownFileType = sourcecode.swift; path = PlanVC.swift; sourceTree = "<group>"; };
		A4AAB6BE2888662D0010782C /* MyGoalVC.swift */ = {isa = PBXFileReference; lastKnownFileType = sourcecode.swift; path = MyGoalVC.swift; sourceTree = "<group>"; };
		A4AAB6C2288866470010782C /* Plan.storyboard */ = {isa = PBXFileReference; lastKnownFileType = file.storyboard; path = Plan.storyboard; sourceTree = "<group>"; };
		A4AAB6C4288866510010782C /* MyGoal.storyboard */ = {isa = PBXFileReference; lastKnownFileType = file.storyboard; path = MyGoal.storyboard; sourceTree = "<group>"; };
		A4F768F128879BDC00D7253D /* Fargo.app */ = {isa = PBXFileReference; explicitFileType = wrapper.application; includeInIndex = 0; path = Fargo.app; sourceTree = BUILT_PRODUCTS_DIR; };
		A4F768F428879BDC00D7253D /* AppDelegate.swift */ = {isa = PBXFileReference; lastKnownFileType = sourcecode.swift; path = AppDelegate.swift; sourceTree = "<group>"; };
		A4F768F628879BDC00D7253D /* SceneDelegate.swift */ = {isa = PBXFileReference; lastKnownFileType = sourcecode.swift; path = SceneDelegate.swift; sourceTree = "<group>"; };
		A4F768FE28879BDC00D7253D /* Fargo.xcdatamodel */ = {isa = PBXFileReference; lastKnownFileType = wrapper.xcdatamodel; path = Fargo.xcdatamodel; sourceTree = "<group>"; };
		A4F7690028879BDF00D7253D /* Assets.xcassets */ = {isa = PBXFileReference; lastKnownFileType = folder.assetcatalog; path = Assets.xcassets; sourceTree = "<group>"; };
		A4F7690328879BDF00D7253D /* Base */ = {isa = PBXFileReference; lastKnownFileType = file.storyboard; name = Base; path = Base.lproj/LaunchScreen.storyboard; sourceTree = "<group>"; };
		A4F7690528879BDF00D7253D /* Info.plist */ = {isa = PBXFileReference; lastKnownFileType = text.plist.xml; path = Info.plist; sourceTree = "<group>"; };
		A4F7690F28879ED900D7253D /* GoalSettingVC.swift */ = {isa = PBXFileReference; lastKnownFileType = sourcecode.swift; path = GoalSettingVC.swift; sourceTree = "<group>"; };
/* End PBXFileReference section */

/* Begin PBXFrameworksBuildPhase section */
		A4F768EE28879BDC00D7253D /* Frameworks */ = {
			isa = PBXFrameworksBuildPhase;
			buildActionMask = 2147483647;
			files = (
			);
			runOnlyForDeploymentPostprocessing = 0;
		};
/* End PBXFrameworksBuildPhase section */

/* Begin PBXGroup section */
		A419BA8D2887FF780073E723 /* CoreDataModel */ = {
			isa = PBXGroup;
			children = (
				A419BA852887FEB30073E723 /* Goal+CoreDataClass.swift */,
				A419BA862887FEB30073E723 /* Goal+CoreDataProperties.swift */,
				A419BA832887FEB30073E723 /* Requirement+CoreDataClass.swift */,
				A419BA842887FEB30073E723 /* Requirement+CoreDataProperties.swift */,
				A419BA812887FEB30073E723 /* ActionPlan+CoreDataClass.swift */,
				A419BA822887FEB30073E723 /* ActionPlan+CoreDataProperties.swift */,
			);
			name = CoreDataModel;
			path = ../CoreDataModel;
			sourceTree = "<group>";
		};
		A419BA95288804330073E723 /* Themes */ = {
			isa = PBXGroup;
			children = (
				A419BA96288804B00073E723 /* ColorPallete.swift */,
			);
			path = Themes;
			sourceTree = "<group>";
		};
		A419BA9A2888077F0073E723 /* CoreDataManager */ = {
			isa = PBXGroup;
			children = (
				A419BA982888077A0073E723 /* CoreDataManager.swift */,
			);
			path = CoreDataManager;
			sourceTree = "<group>";
		};
		A4AAB6B6288864860010782C /* TabBar */ = {
			isa = PBXGroup;
			children = (
				A49DE2DF288862750074CAF3 /* TabBar.storyboard */,
				A49DE2E1288863750074CAF3 /* TabBarVC.swift */,
			);
			path = TabBar;
			sourceTree = "<group>";
		};
		A4AAB6B7288864AE0010782C /* GoalSetting */ = {
			isa = PBXGroup;
			children = (
				A4AAB6B9288864D40010782C /* View */,
				A4AAB6BA288864F80010782C /* Controller */,
				A4AAB6B8288864C70010782C /* Extension */,
			);
			path = GoalSetting;
			sourceTree = "<group>";
		};
		A4AAB6B8288864C70010782C /* Extension */ = {
			isa = PBXGroup;
			children = (
				A49DE2DD288841D80074CAF3 /* TextViewExtension.swift */,
			);
			path = Extension;
			sourceTree = "<group>";
		};
		A4AAB6B9288864D40010782C /* View */ = {
			isa = PBXGroup;
			children = (
				A419BA9D28881C9E0073E723 /* GoalSetting.storyboard */,
			);
			path = View;
			sourceTree = "<group>";
		};
		A4AAB6BA288864F80010782C /* Controller */ = {
			isa = PBXGroup;
			children = (
				A4F7690F28879ED900D7253D /* GoalSettingVC.swift */,
			);
			path = Controller;
			sourceTree = "<group>";
		};
		A4AAB6BB288866040010782C /* Utilities */ = {
			isa = PBXGroup;
			children = (
				A4F768F428879BDC00D7253D /* AppDelegate.swift */,
				A4F768F628879BDC00D7253D /* SceneDelegate.swift */,
				A4F7690028879BDF00D7253D /* Assets.xcassets */,
				A4F7690228879BDF00D7253D /* LaunchScreen.storyboard */,
			);
			path = Utilities;
			sourceTree = "<group>";
		};
		A4AAB6C62888665E0010782C /* MyGoal */ = {
			isa = PBXGroup;
			children = (
				A4AAB6C7288866660010782C /* View */,
				A4AAB6C8288866750010782C /* Controller */,
			);
			path = MyGoal;
			sourceTree = "<group>";
		};
		A4AAB6C7288866660010782C /* View */ = {
			isa = PBXGroup;
			children = (
				A4AAB6C4288866510010782C /* MyGoal.storyboard */,
			);
			path = View;
			sourceTree = "<group>";
		};
		A4AAB6C8288866750010782C /* Controller */ = {
			isa = PBXGroup;
			children = (
				A4AAB6BE2888662D0010782C /* MyGoalVC.swift */,
			);
			path = Controller;
			sourceTree = "<group>";
		};
		A4AAB6C9288866D80010782C /* Plan */ = {
			isa = PBXGroup;
			children = (
				A4AAB6CB288866F40010782C /* View */,
				A4AAB6CA288866EA0010782C /* Controller */,
			);
			path = Plan;
			sourceTree = "<group>";
		};
		A4AAB6CA288866EA0010782C /* Controller */ = {
			isa = PBXGroup;
			children = (
				A4AAB6BC288866230010782C /* PlanVC.swift */,
			);
			path = Controller;
			sourceTree = "<group>";
		};
		A4AAB6CB288866F40010782C /* View */ = {
			isa = PBXGroup;
			children = (
				A4AAB6C2288866470010782C /* Plan.storyboard */,
			);
			path = View;
			sourceTree = "<group>";
		};
		A4F768E828879BDC00D7253D = {
			isa = PBXGroup;
			children = (
				A4AAB6C62888665E0010782C /* MyGoal */,
				A4AAB6C9288866D80010782C /* Plan */,
				A4F768F328879BDC00D7253D /* Fargo */,
				A4F768F228879BDC00D7253D /* Products */,
			);
			sourceTree = "<group>";
		};
		A4F768F228879BDC00D7253D /* Products */ = {
			isa = PBXGroup;
			children = (
				A4F768F128879BDC00D7253D /* Fargo.app */,
			);
			name = Products;
			sourceTree = "<group>";
		};
		A4F768F328879BDC00D7253D /* Fargo */ = {
			isa = PBXGroup;
			children = (
				A419BA95288804330073E723 /* Themes */,
				A419BA8D2887FF780073E723 /* CoreDataModel */,
				A419BA9A2888077F0073E723 /* CoreDataManager */,
				A4AAB6B6288864860010782C /* TabBar */,
				A4AAB6B7288864AE0010782C /* GoalSetting */,
				A4AAB6BB288866040010782C /* Utilities */,
				A4F7690528879BDF00D7253D /* Info.plist */,
				A4F768FD28879BDC00D7253D /* Fargo.xcdatamodeld */,
			);
			path = Fargo;
			sourceTree = "<group>";
		};
/* End PBXGroup section */

/* Begin PBXNativeTarget section */
		A4F768F028879BDC00D7253D /* Fargo */ = {
			isa = PBXNativeTarget;
			buildConfigurationList = A4F7690828879BDF00D7253D /* Build configuration list for PBXNativeTarget "Fargo" */;
			buildPhases = (
				A4F768ED28879BDC00D7253D /* Sources */,
				A4F768EE28879BDC00D7253D /* Frameworks */,
				A4F768EF28879BDC00D7253D /* Resources */,
			);
			buildRules = (
			);
			dependencies = (
			);
			name = Fargo;
			productName = Fargo;
			productReference = A4F768F128879BDC00D7253D /* Fargo.app */;
			productType = "com.apple.product-type.application";
		};
/* End PBXNativeTarget section */

/* Begin PBXProject section */
		A4F768E928879BDC00D7253D /* Project object */ = {
			isa = PBXProject;
			attributes = {
				BuildIndependentTargetsInParallel = 1;
				LastSwiftUpdateCheck = 1340;
				LastUpgradeCheck = 1340;
				TargetAttributes = {
					A4F768F028879BDC00D7253D = {
						CreatedOnToolsVersion = 13.4.1;
					};
				};
			};
			buildConfigurationList = A4F768EC28879BDC00D7253D /* Build configuration list for PBXProject "Fargo" */;
			compatibilityVersion = "Xcode 13.0";
			developmentRegion = en;
			hasScannedForEncodings = 0;
			knownRegions = (
				en,
				Base,
			);
			mainGroup = A4F768E828879BDC00D7253D;
			productRefGroup = A4F768F228879BDC00D7253D /* Products */;
			projectDirPath = "";
			projectRoot = "";
			targets = (
				A4F768F028879BDC00D7253D /* Fargo */,
			);
		};
/* End PBXProject section */

/* Begin PBXResourcesBuildPhase section */
		A4F768EF28879BDC00D7253D /* Resources */ = {
			isa = PBXResourcesBuildPhase;
			buildActionMask = 2147483647;
			files = (
				A49DE2E0288862750074CAF3 /* TabBar.storyboard in Resources */,
				A4AAB6C5288866510010782C /* MyGoal.storyboard in Resources */,
				A4F7690428879BDF00D7253D /* LaunchScreen.storyboard in Resources */,
				A4F7690128879BDF00D7253D /* Assets.xcassets in Resources */,
				A4AAB6C3288866470010782C /* Plan.storyboard in Resources */,
				A419BA9E28881C9E0073E723 /* GoalSetting.storyboard in Resources */,
			);
			runOnlyForDeploymentPostprocessing = 0;
		};
/* End PBXResourcesBuildPhase section */

/* Begin PBXSourcesBuildPhase section */
		A4F768ED28879BDC00D7253D /* Sources */ = {
			isa = PBXSourcesBuildPhase;
			buildActionMask = 2147483647;
			files = (
				A49DE2E2288863750074CAF3 /* TabBarVC.swift in Sources */,
				A419BA8B2887FEB30073E723 /* Goal+CoreDataClass.swift in Sources */,
				A419BA8A2887FEB30073E723 /* Requirement+CoreDataProperties.swift in Sources */,
				A419BA8C2887FEB30073E723 /* Goal+CoreDataProperties.swift in Sources */,
				A419BA97288804B00073E723 /* ColorPallete.swift in Sources */,
				A4F7691028879ED900D7253D /* GoalSettingVC.swift in Sources */,
				A4F768FF28879BDC00D7253D /* Fargo.xcdatamodeld in Sources */,
				A49DE2DE288841D80074CAF3 /* TextViewExtension.swift in Sources */,
				A419BA992888077A0073E723 /* CoreDataManager.swift in Sources */,
				A419BA882887FEB30073E723 /* ActionPlan+CoreDataProperties.swift in Sources */,
				A4F768F528879BDC00D7253D /* AppDelegate.swift in Sources */,
				A4AAB6BF2888662D0010782C /* MyGoalVC.swift in Sources */,
				A419BA872887FEB30073E723 /* ActionPlan+CoreDataClass.swift in Sources */,
				A4F768F728879BDC00D7253D /* SceneDelegate.swift in Sources */,
				A4AAB6BD288866230010782C /* PlanVC.swift in Sources */,
				A419BA892887FEB30073E723 /* Requirement+CoreDataClass.swift in Sources */,
			);
			runOnlyForDeploymentPostprocessing = 0;
		};
/* End PBXSourcesBuildPhase section */

/* Begin PBXVariantGroup section */
		A4F7690228879BDF00D7253D /* LaunchScreen.storyboard */ = {
			isa = PBXVariantGroup;
			children = (
				A4F7690328879BDF00D7253D /* Base */,
			);
			name = LaunchScreen.storyboard;
			sourceTree = "<group>";
		};
/* End PBXVariantGroup section */

/* Begin XCBuildConfiguration section */
		A4F7690628879BDF00D7253D /* Debug */ = {
			isa = XCBuildConfiguration;
			buildSettings = {
				ALWAYS_SEARCH_USER_PATHS = NO;
				CLANG_ANALYZER_NONNULL = YES;
				CLANG_ANALYZER_NUMBER_OBJECT_CONVERSION = YES_AGGRESSIVE;
				CLANG_CXX_LANGUAGE_STANDARD = "gnu++17";
				CLANG_ENABLE_MODULES = YES;
				CLANG_ENABLE_OBJC_ARC = YES;
				CLANG_ENABLE_OBJC_WEAK = YES;
				CLANG_WARN_BLOCK_CAPTURE_AUTORELEASING = YES;
				CLANG_WARN_BOOL_CONVERSION = YES;
				CLANG_WARN_COMMA = YES;
				CLANG_WARN_CONSTANT_CONVERSION = YES;
				CLANG_WARN_DEPRECATED_OBJC_IMPLEMENTATIONS = YES;
				CLANG_WARN_DIRECT_OBJC_ISA_USAGE = YES_ERROR;
				CLANG_WARN_DOCUMENTATION_COMMENTS = YES;
				CLANG_WARN_EMPTY_BODY = YES;
				CLANG_WARN_ENUM_CONVERSION = YES;
				CLANG_WARN_INFINITE_RECURSION = YES;
				CLANG_WARN_INT_CONVERSION = YES;
				CLANG_WARN_NON_LITERAL_NULL_CONVERSION = YES;
				CLANG_WARN_OBJC_IMPLICIT_RETAIN_SELF = YES;
				CLANG_WARN_OBJC_LITERAL_CONVERSION = YES;
				CLANG_WARN_OBJC_ROOT_CLASS = YES_ERROR;
				CLANG_WARN_QUOTED_INCLUDE_IN_FRAMEWORK_HEADER = YES;
				CLANG_WARN_RANGE_LOOP_ANALYSIS = YES;
				CLANG_WARN_STRICT_PROTOTYPES = YES;
				CLANG_WARN_SUSPICIOUS_MOVE = YES;
				CLANG_WARN_UNGUARDED_AVAILABILITY = YES_AGGRESSIVE;
				CLANG_WARN_UNREACHABLE_CODE = YES;
				CLANG_WARN__DUPLICATE_METHOD_MATCH = YES;
				COPY_PHASE_STRIP = NO;
				DEBUG_INFORMATION_FORMAT = dwarf;
				ENABLE_STRICT_OBJC_MSGSEND = YES;
				ENABLE_TESTABILITY = YES;
				GCC_C_LANGUAGE_STANDARD = gnu11;
				GCC_DYNAMIC_NO_PIC = NO;
				GCC_NO_COMMON_BLOCKS = YES;
				GCC_OPTIMIZATION_LEVEL = 0;
				GCC_PREPROCESSOR_DEFINITIONS = (
					"DEBUG=1",
					"$(inherited)",
				);
				GCC_WARN_64_TO_32_BIT_CONVERSION = YES;
				GCC_WARN_ABOUT_RETURN_TYPE = YES_ERROR;
				GCC_WARN_UNDECLARED_SELECTOR = YES;
				GCC_WARN_UNINITIALIZED_AUTOS = YES_AGGRESSIVE;
				GCC_WARN_UNUSED_FUNCTION = YES;
				GCC_WARN_UNUSED_VARIABLE = YES;
				IPHONEOS_DEPLOYMENT_TARGET = 15.5;
				MTL_ENABLE_DEBUG_INFO = INCLUDE_SOURCE;
				MTL_FAST_MATH = YES;
				ONLY_ACTIVE_ARCH = YES;
				SDKROOT = iphoneos;
				SWIFT_ACTIVE_COMPILATION_CONDITIONS = DEBUG;
				SWIFT_OPTIMIZATION_LEVEL = "-Onone";
			};
			name = Debug;
		};
		A4F7690728879BDF00D7253D /* Release */ = {
			isa = XCBuildConfiguration;
			buildSettings = {
				ALWAYS_SEARCH_USER_PATHS = NO;
				CLANG_ANALYZER_NONNULL = YES;
				CLANG_ANALYZER_NUMBER_OBJECT_CONVERSION = YES_AGGRESSIVE;
				CLANG_CXX_LANGUAGE_STANDARD = "gnu++17";
				CLANG_ENABLE_MODULES = YES;
				CLANG_ENABLE_OBJC_ARC = YES;
				CLANG_ENABLE_OBJC_WEAK = YES;
				CLANG_WARN_BLOCK_CAPTURE_AUTORELEASING = YES;
				CLANG_WARN_BOOL_CONVERSION = YES;
				CLANG_WARN_COMMA = YES;
				CLANG_WARN_CONSTANT_CONVERSION = YES;
				CLANG_WARN_DEPRECATED_OBJC_IMPLEMENTATIONS = YES;
				CLANG_WARN_DIRECT_OBJC_ISA_USAGE = YES_ERROR;
				CLANG_WARN_DOCUMENTATION_COMMENTS = YES;
				CLANG_WARN_EMPTY_BODY = YES;
				CLANG_WARN_ENUM_CONVERSION = YES;
				CLANG_WARN_INFINITE_RECURSION = YES;
				CLANG_WARN_INT_CONVERSION = YES;
				CLANG_WARN_NON_LITERAL_NULL_CONVERSION = YES;
				CLANG_WARN_OBJC_IMPLICIT_RETAIN_SELF = YES;
				CLANG_WARN_OBJC_LITERAL_CONVERSION = YES;
				CLANG_WARN_OBJC_ROOT_CLASS = YES_ERROR;
				CLANG_WARN_QUOTED_INCLUDE_IN_FRAMEWORK_HEADER = YES;
				CLANG_WARN_RANGE_LOOP_ANALYSIS = YES;
				CLANG_WARN_STRICT_PROTOTYPES = YES;
				CLANG_WARN_SUSPICIOUS_MOVE = YES;
				CLANG_WARN_UNGUARDED_AVAILABILITY = YES_AGGRESSIVE;
				CLANG_WARN_UNREACHABLE_CODE = YES;
				CLANG_WARN__DUPLICATE_METHOD_MATCH = YES;
				COPY_PHASE_STRIP = NO;
				DEBUG_INFORMATION_FORMAT = "dwarf-with-dsym";
				ENABLE_NS_ASSERTIONS = NO;
				ENABLE_STRICT_OBJC_MSGSEND = YES;
				GCC_C_LANGUAGE_STANDARD = gnu11;
				GCC_NO_COMMON_BLOCKS = YES;
				GCC_WARN_64_TO_32_BIT_CONVERSION = YES;
				GCC_WARN_ABOUT_RETURN_TYPE = YES_ERROR;
				GCC_WARN_UNDECLARED_SELECTOR = YES;
				GCC_WARN_UNINITIALIZED_AUTOS = YES_AGGRESSIVE;
				GCC_WARN_UNUSED_FUNCTION = YES;
				GCC_WARN_UNUSED_VARIABLE = YES;
				IPHONEOS_DEPLOYMENT_TARGET = 15.5;
				MTL_ENABLE_DEBUG_INFO = NO;
				MTL_FAST_MATH = YES;
				SDKROOT = iphoneos;
				SWIFT_COMPILATION_MODE = wholemodule;
				SWIFT_OPTIMIZATION_LEVEL = "-O";
				VALIDATE_PRODUCT = YES;
			};
			name = Release;
		};
		A4F7690928879BDF00D7253D /* Debug */ = {
			isa = XCBuildConfiguration;
			buildSettings = {
				ASSETCATALOG_COMPILER_APPICON_NAME = AppIcon;
				ASSETCATALOG_COMPILER_GLOBAL_ACCENT_COLOR_NAME = AccentColor;
				CODE_SIGN_STYLE = Automatic;
				CURRENT_PROJECT_VERSION = 1;
				DEVELOPMENT_TEAM = BQD2U9363F;
				GENERATE_INFOPLIST_FILE = YES;
				INFOPLIST_FILE = Fargo/Info.plist;
				INFOPLIST_KEY_CFBundleDisplayName = Fargo;
				INFOPLIST_KEY_UIApplicationSupportsIndirectInputEvents = YES;
				INFOPLIST_KEY_UILaunchStoryboardName = LaunchScreen;
				INFOPLIST_KEY_UIMainStoryboardFile = GoalSetting;
				INFOPLIST_KEY_UISupportedInterfaceOrientations_iPad = "UIInterfaceOrientationPortrait UIInterfaceOrientationPortraitUpsideDown UIInterfaceOrientationLandscapeLeft UIInterfaceOrientationLandscapeRight";
				INFOPLIST_KEY_UISupportedInterfaceOrientations_iPhone = "UIInterfaceOrientationPortrait UIInterfaceOrientationLandscapeLeft UIInterfaceOrientationLandscapeRight";
				LD_RUNPATH_SEARCH_PATHS = (
					"$(inherited)",
					"@executable_path/Frameworks",
				);
				MARKETING_VERSION = 1.0;
				PRODUCT_BUNDLE_IDENTIFIER = com.AppleDeveloperAcademyBinus.Fargo;
				PRODUCT_NAME = "$(TARGET_NAME)";
				SWIFT_EMIT_LOC_STRINGS = YES;
				SWIFT_VERSION = 5.0;
				TARGETED_DEVICE_FAMILY = "1,2";
			};
			name = Debug;
		};
		A4F7690A28879BDF00D7253D /* Release */ = {
			isa = XCBuildConfiguration;
			buildSettings = {
				ASSETCATALOG_COMPILER_APPICON_NAME = AppIcon;
				ASSETCATALOG_COMPILER_GLOBAL_ACCENT_COLOR_NAME = AccentColor;
				CODE_SIGN_STYLE = Automatic;
				CURRENT_PROJECT_VERSION = 1;
				DEVELOPMENT_TEAM = BQD2U9363F;
				GENERATE_INFOPLIST_FILE = YES;
				INFOPLIST_FILE = Fargo/Info.plist;
				INFOPLIST_KEY_CFBundleDisplayName = Fargo;
				INFOPLIST_KEY_UIApplicationSupportsIndirectInputEvents = YES;
				INFOPLIST_KEY_UILaunchStoryboardName = LaunchScreen;
				INFOPLIST_KEY_UIMainStoryboardFile = GoalSetting;
				INFOPLIST_KEY_UISupportedInterfaceOrientations_iPad = "UIInterfaceOrientationPortrait UIInterfaceOrientationPortraitUpsideDown UIInterfaceOrientationLandscapeLeft UIInterfaceOrientationLandscapeRight";
				INFOPLIST_KEY_UISupportedInterfaceOrientations_iPhone = "UIInterfaceOrientationPortrait UIInterfaceOrientationLandscapeLeft UIInterfaceOrientationLandscapeRight";
				LD_RUNPATH_SEARCH_PATHS = (
					"$(inherited)",
					"@executable_path/Frameworks",
				);
				MARKETING_VERSION = 1.0;
				PRODUCT_BUNDLE_IDENTIFIER = com.AppleDeveloperAcademyBinus.Fargo;
				PRODUCT_NAME = "$(TARGET_NAME)";
				SWIFT_EMIT_LOC_STRINGS = YES;
				SWIFT_VERSION = 5.0;
				TARGETED_DEVICE_FAMILY = "1,2";
			};
			name = Release;
		};
/* End XCBuildConfiguration section */

/* Begin XCConfigurationList section */
		A4F768EC28879BDC00D7253D /* Build configuration list for PBXProject "Fargo" */ = {
			isa = XCConfigurationList;
			buildConfigurations = (
				A4F7690628879BDF00D7253D /* Debug */,
				A4F7690728879BDF00D7253D /* Release */,
			);
			defaultConfigurationIsVisible = 0;
			defaultConfigurationName = Release;
		};
		A4F7690828879BDF00D7253D /* Build configuration list for PBXNativeTarget "Fargo" */ = {
			isa = XCConfigurationList;
			buildConfigurations = (
				A4F7690928879BDF00D7253D /* Debug */,
				A4F7690A28879BDF00D7253D /* Release */,
			);
			defaultConfigurationIsVisible = 0;
			defaultConfigurationName = Release;
		};
/* End XCConfigurationList section */

/* Begin XCVersionGroup section */
		A4F768FD28879BDC00D7253D /* Fargo.xcdatamodeld */ = {
			isa = XCVersionGroup;
			children = (
				A4F768FE28879BDC00D7253D /* Fargo.xcdatamodel */,
			);
			currentVersion = A4F768FE28879BDC00D7253D /* Fargo.xcdatamodel */;
			path = Fargo.xcdatamodeld;
			sourceTree = "<group>";
			versionGroupType = wrapper.xcdatamodel;
		};
/* End XCVersionGroup section */
	};
	rootObject = A4F768E928879BDC00D7253D /* Project object */;
}
